schema: '2.0'
stages:
  data_ingestion:
    cmd: python src/data/data_ingestion.py
    deps:
    - path: src/data/data_ingestion.py
      hash: md5
      md5: 446c0d617318adc5b9d923eff01c2843
      size: 3538
    params:
      params.yaml:
        data_ingestion.test_size: 0.3
    outs:
    - path: data/raw/test.csv
      hash: md5
      md5: 00e92fbd32276319d5b2efb0c047cd51
      size: 248475
    - path: data/raw/train.csv
      hash: md5
      md5: 0b51c9a20421c5215654dc30eb0cb163
      size: 579498
  data_preprocessing:
    cmd: python src/data/data_preprocessing.py
    deps:
    - path: data/raw/test.csv
      hash: md5
      md5: 00e92fbd32276319d5b2efb0c047cd51
      size: 248475
    - path: data/raw/train.csv
      hash: md5
      md5: 0b51c9a20421c5215654dc30eb0cb163
      size: 579498
    - path: src/data/data_preprocessing.py
      hash: md5
      md5: 4bd92b6a6a825b39f52b678091fdd66c
      size: 5316
    outs:
    - path: data/processed/test.csv
      hash: md5
      md5: 77e002c6632d604c0bfd70d9b845847e
      size: 169992
    - path: data/processed/train.csv
      hash: md5
      md5: c91070b226cb06f9b54abdf85ebb2cd4
      size: 396218
  feature_engineering:
    cmd: python src/features/features.py
    deps:
    - path: data/processed/test.csv
      hash: md5
      md5: 77e002c6632d604c0bfd70d9b845847e
      size: 169992
    - path: data/processed/train.csv
      hash: md5
      md5: c91070b226cb06f9b54abdf85ebb2cd4
      size: 396218
    - path: src/features/features.py
      hash: md5
      md5: ac401a8cf5258218dd965ae93cd728b9
      size: 4142
    params:
      params.yaml:
        feature_engineering.max_features: 300
    outs:
    - path: data/interim/test_bow.csv
      hash: md5
      md5: 808214261d0fed1bf349fb4e52c6effa
      size: 1877633
    - path: data/interim/train_bow.csv
      hash: md5
      md5: d41cdd541f4e2a08888b87a47677c73e
      size: 4378877
  model_training:
    cmd: python src/models/train_model.py
    deps:
    - path: data/interim/train_bow.csv
      hash: md5
      md5: d41cdd541f4e2a08888b87a47677c73e
      size: 4378877
    - path: src/models/train_model.py
      hash: md5
      md5: 711b2737412313e8a8456d121f7a8ea9
      size: 2818
    params:
      params.yaml:
        model_training.max_depth: 10
        model_training.n_estimators: 100
    outs:
    - path: models/random_forest_model.pkl
      hash: md5
      md5: 98b66ce3ea6b29a9fc3e8c05d2c222d0
      size: 1148478
  model_evaluation:
    cmd: python src/models/predict_model.py
    deps:
    - path: data/interim/test_bow.csv
      hash: md5
      md5: 808214261d0fed1bf349fb4e52c6effa
      size: 1877633
    - path: models/random_forest_model.pkl
      hash: md5
      md5: 98b66ce3ea6b29a9fc3e8c05d2c222d0
      size: 1148478
    - path: src/models/predict_model.py
      hash: md5
      md5: e2355eec034d17fd5c27011336438648
      size: 3963
    outs:
    - path: data/eval/predictions.csv
      hash: md5
      md5: bd3a6b6e5313694c13a4f05dda6c8295
      size: 9353
    - path: metrics.json
      hash: md5
      md5: 573a1be18510814872f8f2e387b32b27
      size: 147
