schema: '2.0'
stages:
  data_ingestion:
    cmd: python src/data/data_ingestion.py
    deps:
    - path: src/data/data_ingestion.py
      hash: md5
      md5: 446c0d617318adc5b9d923eff01c2843
      size: 3538
    params:
      params.yaml:
        data_ingestion.test_size: 0.3
    outs:
    - path: data/raw/test.csv
      hash: md5
      md5: 00e92fbd32276319d5b2efb0c047cd51
      size: 248475
    - path: data/raw/train.csv
      hash: md5
      md5: 0b51c9a20421c5215654dc30eb0cb163
      size: 579498
  data_preprocessing:
    cmd: python src/data/data_preprocessing.py
    deps:
    - path: data/raw/test.csv
      hash: md5
      md5: 00e92fbd32276319d5b2efb0c047cd51
      size: 248475
    - path: data/raw/train.csv
      hash: md5
      md5: 0b51c9a20421c5215654dc30eb0cb163
      size: 579498
    - path: src/data/data_preprocessing.py
      hash: md5
      md5: 4bd92b6a6a825b39f52b678091fdd66c
      size: 5316
    outs:
    - path: data/processed/test.csv
      hash: md5
      md5: 77e002c6632d604c0bfd70d9b845847e
      size: 169992
    - path: data/processed/train.csv
      hash: md5
      md5: c91070b226cb06f9b54abdf85ebb2cd4
      size: 396218
  feature_engineering:
    cmd: python src/features/features.py
    deps:
    - path: data/processed/test.csv
      hash: md5
      md5: 77e002c6632d604c0bfd70d9b845847e
      size: 169992
    - path: data/processed/train.csv
      hash: md5
      md5: c91070b226cb06f9b54abdf85ebb2cd4
      size: 396218
    - path: src/features/features.py
      hash: md5
      md5: 66cdda2c6a50bb024455dfee00527cd7
      size: 4146
    params:
      params.yaml:
        feature_engineering.max_features: 300
    outs:
    - path: data/interim/test_tfidf.csv
      hash: md5
      md5: c069fd553c93e06dd5fbc80644eaf626
      size: 3921796
    - path: data/interim/train_tfidf.csv
      hash: md5
      md5: 58d5e5c7304ebbac17f3befb3a16e7f6
      size: 9151987
  model_training:
    cmd: python src/models/train_model.py
    deps:
    - path: data/interim/train_tfidf.csv
      hash: md5
      md5: 58d5e5c7304ebbac17f3befb3a16e7f6
      size: 9151987
    - path: src/models/train_model.py
      hash: md5
      md5: bc058e10ce4f08317e82e9969b0c3d27
      size: 2820
    params:
      params.yaml:
        model_training.n_estimators: 100
    outs:
    - path: models/random_forest_model.pkl
      hash: md5
      md5: 5ea820b8d7d1cfdaa962ac8378933be8
      size: 1005900
  model_evaluation:
    cmd: python src/models/predict_model.py
    deps:
    - path: data/interim/test_tfidf.csv
      hash: md5
      md5: c069fd553c93e06dd5fbc80644eaf626
      size: 3921796
    - path: models/random_forest_model.pkl
      hash: md5
      md5: 5ea820b8d7d1cfdaa962ac8378933be8
      size: 1005900
    - path: src/models/predict_model.py
      hash: md5
      md5: e45abfd81b2f94af7eeb5da326ef717f
      size: 3965
    outs:
    - path: data/eval/predictions.csv
      hash: md5
      md5: 015a6a80ac2140e2dbe8ff6c4cca047b
      size: 9353
    - path: metrics.json
      hash: md5
      md5: 680d2cad425247a252f793cd027f2e0a
      size: 147
