schema: '2.0'
stages:
  data_ingestion:
    cmd: python src/data/data_ingestion.py
    deps:
    - path: src/data/data_ingestion.py
      hash: md5
      md5: 926fa57f667c51f5f5b626827d15aa8b
      size: 3541
    outs:
    - path: data/raw/test.csv
      hash: md5
      md5: 00e92fbd32276319d5b2efb0c047cd51
      size: 248475
    - path: data/raw/train.csv
      hash: md5
      md5: 0b51c9a20421c5215654dc30eb0cb163
      size: 579498
  data_preprocessing:
    cmd: python src/data/data_preprocessing.py
    deps:
    - path: data/raw/test.csv
      hash: md5
      md5: 00e92fbd32276319d5b2efb0c047cd51
      size: 248475
    - path: data/raw/train.csv
      hash: md5
      md5: 0b51c9a20421c5215654dc30eb0cb163
      size: 579498
    - path: src/data/data_preprocessing.py
      hash: md5
      md5: 4bd92b6a6a825b39f52b678091fdd66c
      size: 5316
    outs:
    - path: data/processed/test.csv
      hash: md5
      md5: 77e002c6632d604c0bfd70d9b845847e
      size: 169992
    - path: data/processed/train.csv
      hash: md5
      md5: c91070b226cb06f9b54abdf85ebb2cd4
      size: 396218
  feature_engineering:
    cmd: python src/features/features.py
    deps:
    - path: data/processed/test.csv
      hash: md5
      md5: 77e002c6632d604c0bfd70d9b845847e
      size: 169992
    - path: data/processed/train.csv
      hash: md5
      md5: c91070b226cb06f9b54abdf85ebb2cd4
      size: 396218
    - path: src/features/features.py
      hash: md5
      md5: 4f102b4547c11565efbbc71c39fdae38
      size: 4145
    outs:
    - path: data/interim/test_bow.csv
      hash: md5
      md5: fa00e22d6b682ad67a0cdc10b18423f5
      size: 943433
    - path: data/interim/train_bow.csv
      hash: md5
      md5: ffaa17764e3bd29777e64969606493e0
      size: 2200277
  model_training:
    cmd: python src/models/train_model.py
    deps:
    - path: data/interim/train_bow.csv
      hash: md5
      md5: ffaa17764e3bd29777e64969606493e0
      size: 2200277
    - path: src/models/train_model.py
      hash: md5
      md5: 7f28be9f2d0189bd3a3e97d4fabdd767
      size: 2821
    outs:
    - path: models/random_forest_model.pkl
      hash: md5
      md5: 94185f5ad0b91f86aab6ea6312b86242
      size: 1010959
  model_evaluation:
    cmd: python src/models/predict_model.py
    deps:
    - path: data/interim/test_bow.csv
      hash: md5
      md5: fa00e22d6b682ad67a0cdc10b18423f5
      size: 943433
    - path: models/random_forest_model.pkl
      hash: md5
      md5: 94185f5ad0b91f86aab6ea6312b86242
      size: 1010959
    - path: src/models/predict_model.py
      hash: md5
      md5: e2355eec034d17fd5c27011336438648
      size: 3963
    outs:
    - path: data/eval/predictions.csv
      hash: md5
      md5: 6c41139ba04ba9fc796d5741311d1310
      size: 9353
    - path: metrics.json
      hash: md5
      md5: d91f6eeb90a7a62b534d3d1b92c844be
      size: 148
